# @generated by Move, please check-in and do not edit manually.

[move]
version = 3
manifest_digest = "B38BAF4FB7497C6304583CE134A60FFE5C0ADF0F4CF82E93D6AA644476527639"
deps_digest = "F9B494B64F0615AED0E98FC12A85B85ECD2BC5185C22D30E7F67786BB52E507C"
dependencies = [
  { id = "Bridge", name = "Bridge" },
  { id = "MoveStdlib", name = "MoveStdlib" },
  { id = "Sui", name = "Sui" },
  { id = "SuiSystem", name = "SuiSystem" },
]

[[move.package]]
id = "Bridge"
source = { git = "https://github.com/MystenLabs/sui.git", rev = "d75fae3aa7fa3545b5803980a1e0c965b8bbf48e", subdir = "crates/sui-framework/packages/bridge" }

dependencies = [
  { id = "MoveStdlib", name = "MoveStdlib" },
  { id = "Sui", name = "Sui" },
  { id = "SuiSystem", name = "SuiSystem" },
]

[[move.package]]
id = "MoveStdlib"
source = { git = "https://github.com/MystenLabs/sui.git", rev = "d75fae3aa7fa3545b5803980a1e0c965b8bbf48e", subdir = "crates/sui-framework/packages/move-stdlib" }

[[move.package]]
id = "Sui"
source = { git = "https://github.com/MystenLabs/sui.git", rev = "d75fae3aa7fa3545b5803980a1e0c965b8bbf48e", subdir = "crates/sui-framework/packages/sui-framework" }

dependencies = [
  { id = "MoveStdlib", name = "MoveStdlib" },
]

[[move.package]]
id = "SuiSystem"
source = { git = "https://github.com/MystenLabs/sui.git", rev = "d75fae3aa7fa3545b5803980a1e0c965b8bbf48e", subdir = "crates/sui-framework/packages/sui-system" }

dependencies = [
  { id = "MoveStdlib", name = "MoveStdlib" },
  { id = "Sui", name = "Sui" },
]

[move.toolchain-version]
compiler-version = "1.60.0"
edition = "2024.beta"
flavor = "sui"

[env]

[env.local]
chain-id = "1bc62cf7"
original-published-id = "0xcebc6c273f2074f3208aa454f65fc2027aaab87ca9fe6122e693ce2d157c9563"
latest-published-id = "0xcebc6c273f2074f3208aa454f65fc2027aaab87ca9fe6122e693ce2d157c9563"
published-version = "1"

[env.testnet]
chain-id = "4c78adac"
original-published-id = "0xacda8d805f68094ad0e2852412b7bdf3e9d90022bb2186339a4bac35600cb5fa"
latest-published-id = "0xb2d0a103d764e343ec925d6ad80ced2b3905aa6815613254eccc6188c7c1e7ff"
published-version = "3"
