{
  "lockfileVersion": 1,
  "configVersion": 1,
  "workspaces": {
    "": {
      "dependencies": {
        "@mysten/sui": "^1.45.0",
      },
    },
  },
  "packages": {
    "@0no-co/graphql.web": ["@0no-co/graphql.web@1.2.0", "", { "peerDependencies": { "graphql": "^14.0.0 || ^15.0.0 || ^16.0.0" }, "optionalPeers": ["graphql"] }, "sha512-/1iHy9TTr63gE1YcR5idjx8UREz1s0kFhydf3bBLCXyqjhkIc6igAzTOx3zPifCwFR87tsh/4Pa9cNts6d2otw=="],

    "@0no-co/graphqlsp": ["@0no-co/graphqlsp@1.15.1", "", { "dependencies": { "@gql.tada/internal": "^1.0.0", "graphql": "^15.5.0 || ^16.0.0 || ^17.0.0" }, "peerDependencies": { "typescript": "^5.0.0" } }, "sha512-UBDBuVGpX5Ti0PjGnSAzkMG04psNYxKfJ+1bgF8HFPfHHpKNVl4GULHSNW0GTOngcYCYA70c+InoKw0qjHwmVQ=="],

    "@gql.tada/cli-utils": ["@gql.tada/cli-utils@1.7.2", "", { "dependencies": { "@0no-co/graphqlsp": "^1.12.13", "@gql.tada/internal": "1.0.8", "graphql": "^15.5.0 || ^16.0.0 || ^17.0.0" }, "peerDependencies": { "@gql.tada/svelte-support": "1.0.1", "@gql.tada/vue-support": "1.0.1", "typescript": "^5.0.0" }, "optionalPeers": ["@gql.tada/svelte-support", "@gql.tada/vue-support"] }, "sha512-Qbc7hbLvCz6IliIJpJuKJa9p05b2Jona7ov7+qofCsMRxHRZE1kpAmZMvL8JCI4c0IagpIlWNaMizXEQUe8XjQ=="],

    "@gql.tada/internal": ["@gql.tada/internal@1.0.8", "", { "dependencies": { "@0no-co/graphql.web": "^1.0.5" }, "peerDependencies": { "graphql": "^15.5.0 || ^16.0.0 || ^17.0.0", "typescript": "^5.0.0" } }, "sha512-XYdxJhtHC5WtZfdDqtKjcQ4d7R1s0d1rnlSs3OcBEUbYiPoJJfZU7tWsVXuv047Z6msvmr4ompJ7eLSK5Km57g=="],

    "@graphql-typed-document-node/core": ["@graphql-typed-document-node/core@3.2.0", "", { "peerDependencies": { "graphql": "^0.8.0 || ^0.9.0 || ^0.10.0 || ^0.11.0 || ^0.12.0 || ^0.13.0 || ^14.0.0 || ^15.0.0 || ^16.0.0 || ^17.0.0" } }, "sha512-mB9oAsNCm9aM3/SOv4YtBMqZbYj10R7dkq8byBqxGY/ncFwhf2oQzMV+LCRlWoDSEBJ3COiR1yeDvMtsoOsuFQ=="],

    "@mysten/bcs": ["@mysten/bcs@1.9.2", "", { "dependencies": { "@mysten/utils": "0.2.0", "@scure/base": "^1.2.6" } }, "sha512-kBk5xrxV9OWR7i+JhL/plQrgQ2/KJhB2pB5gj+w6GXhbMQwS3DPpOvi/zN0Tj84jwPvHMllpEl0QHj6ywN7/eQ=="],

    "@mysten/sui": ["@mysten/sui@1.45.0", "", { "dependencies": { "@graphql-typed-document-node/core": "^3.2.0", "@mysten/bcs": "1.9.2", "@mysten/utils": "0.2.0", "@noble/curves": "=1.9.4", "@noble/hashes": "^1.8.0", "@protobuf-ts/grpcweb-transport": "^2.11.1", "@protobuf-ts/runtime": "^2.11.1", "@protobuf-ts/runtime-rpc": "^2.11.1", "@scure/base": "^1.2.6", "@scure/bip32": "^1.7.0", "@scure/bip39": "^1.6.0", "gql.tada": "^1.8.13", "graphql": "^16.11.0", "poseidon-lite": "0.2.1", "valibot": "^0.36.0" } }, "sha512-WYpZmrGWE/FeQaRhYrAYpHcHallj4BFIfSmjq6BkODzEhP9HfMplQAtd8AmtctwO7cpHJ+BjPUOguEAcf1gU4g=="],

    "@mysten/utils": ["@mysten/utils@0.2.0", "", { "dependencies": { "@scure/base": "^1.2.6" } }, "sha512-CM6kJcJHX365cK6aXfFRLBiuyXc5WSBHQ43t94jqlCAIRw8umgNcTb5EnEA9n31wPAQgLDGgbG/rCUISCTJ66w=="],

    "@noble/curves": ["@noble/curves@1.9.4", "", { "dependencies": { "@noble/hashes": "1.8.0" } }, "sha512-2bKONnuM53lINoDrSmK8qP8W271ms7pygDhZt4SiLOoLwBtoHqeCFi6RG42V8zd3mLHuJFhU/Bmaqo4nX0/kBw=="],

    "@noble/hashes": ["@noble/hashes@1.8.0", "", {}, "sha512-jCs9ldd7NwzpgXDIf6P3+NrHh9/sD6CQdxHyjQI+h/6rDNo88ypBxxz45UDuZHz9r3tNz7N/VInSVoVdtXEI4A=="],

    "@protobuf-ts/grpcweb-transport": ["@protobuf-ts/grpcweb-transport@2.11.1", "", { "dependencies": { "@protobuf-ts/runtime": "^2.11.1", "@protobuf-ts/runtime-rpc": "^2.11.1" } }, "sha512-1W4utDdvOB+RHMFQ0soL4JdnxjXV+ddeGIUg08DvZrA8Ms6k5NN6GBFU2oHZdTOcJVpPrDJ02RJlqtaoCMNBtw=="],

    "@protobuf-ts/runtime": ["@protobuf-ts/runtime@2.11.1", "", {}, "sha512-KuDaT1IfHkugM2pyz+FwiY80ejWrkH1pAtOBOZFuR6SXEFTsnb/jiQWQ1rCIrcKx2BtyxnxW6BWwsVSA/Ie+WQ=="],

    "@protobuf-ts/runtime-rpc": ["@protobuf-ts/runtime-rpc@2.11.1", "", { "dependencies": { "@protobuf-ts/runtime": "^2.11.1" } }, "sha512-4CqqUmNA+/uMz00+d3CYKgElXO9VrEbucjnBFEjqI4GuDrEQ32MaI3q+9qPBvIGOlL4PmHXrzM32vBPWRhQKWQ=="],

    "@scure/base": ["@scure/base@1.2.6", "", {}, "sha512-g/nm5FgUa//MCj1gV09zTJTaM6KBAHqLN907YVQqf7zC49+DcO4B1so4ZX07Ef10Twr6nuqYEH9GEggFXA4Fmg=="],

    "@scure/bip32": ["@scure/bip32@1.7.0", "", { "dependencies": { "@noble/curves": "~1.9.0", "@noble/hashes": "~1.8.0", "@scure/base": "~1.2.5" } }, "sha512-E4FFX/N3f4B80AKWp5dP6ow+flD1LQZo/w8UnLGYZO674jS6YnYeepycOOksv+vLPSpgN35wgKgy+ybfTb2SMw=="],

    "@scure/bip39": ["@scure/bip39@1.6.0", "", { "dependencies": { "@noble/hashes": "~1.8.0", "@scure/base": "~1.2.5" } }, "sha512-+lF0BbLiJNwVlev4eKelw1WWLaiKXw7sSl8T6FvBlWkdX+94aGJ4o8XjUdlyhTCjd8c+B3KT3JfS8P0bLRNU6A=="],

    "gql.tada": ["gql.tada@1.9.0", "", { "dependencies": { "@0no-co/graphql.web": "^1.0.5", "@0no-co/graphqlsp": "^1.12.13", "@gql.tada/cli-utils": "1.7.2", "@gql.tada/internal": "1.0.8" }, "peerDependencies": { "typescript": "^5.0.0" }, "bin": { "gql.tada": "bin/cli.js", "gql-tada": "bin/cli.js" } }, "sha512-1LMiA46dRs5oF7Qev6vMU32gmiNvM3+3nHoQZA9K9j2xQzH8xOAWnnJrLSbZOFHTSdFxqn86TL6beo1/7ja/aA=="],

    "graphql": ["graphql@16.12.0", "", {}, "sha512-DKKrynuQRne0PNpEbzuEdHlYOMksHSUI8Zc9Unei5gTsMNA2/vMpoMz/yKba50pejK56qj98qM0SjYxAKi13gQ=="],

    "poseidon-lite": ["poseidon-lite@0.2.1", "", {}, "sha512-xIr+G6HeYfOhCuswdqcFpSX47SPhm0EpisWJ6h7fHlWwaVIvH3dLnejpatrtw6Xc6HaLrpq05y7VRfvDmDGIog=="],

    "typescript": ["typescript@5.9.3", "", { "bin": { "tsc": "bin/tsc", "tsserver": "bin/tsserver" } }, "sha512-jl1vZzPDinLr9eUt3J/t7V6FgNEw9QjvBPdysz9KfQDD41fQrC2Y4vKQdiaUpFT4bXlb1RHhLpp8wtm6M5TgSw=="],

    "valibot": ["valibot@0.36.0", "", {}, "sha512-CjF1XN4sUce8sBK9TixrDqFM7RwNkuXdJu174/AwmQUB62QbCQADg5lLe8ldBalFgtj1uKj+pKwDJiNo4Mn+eQ=="],
  }
}
